
Microsoft Visual Studio Solution File, Format Version 12.00
# Visual Studio Version 16
VisualStudioVersion = 16.0.31313.79
MinimumVisualStudioVersion = 10.0.40219.1
Project("{FAE04EC0-301F-11D3-BF4B-00C04F79EFBC}") = "IT481_DavidSatterfield_Unit7_Assignment", "IT481_DavidSatterfield_Unit7_Assignment\IT481_DavidSatterfield_Unit7_Assignment.csproj", "{70ED52AE-6DD7-42B8-B2E3-1C0809B5106B}"
EndProject
Global
	GlobalSection(SolutionConfigurationPlatforms) = preSolution
		Debug|Any CPU = Debug|Any CPU
		Release|Any CPU = Release|Any CPU
	EndGlobalSection
	GlobalSection(ProjectConfigurationPlatforms) = postSolution
		{70ED52AE-6DD7-42B8-B2E3-1C0809B5106B}.Debug|Any CPU.ActiveCfg = Debug|Any CPU
		{70ED52AE-6DD7-42B8-B2E3-1C0809B5106B}.Debug|Any CPU.Build.0 = Debug|Any CPU
		{70ED52AE-6DD7-42B8-B2E3-1C0809B5106B}.Release|Any CPU.ActiveCfg = Release|Any CPU
		{70ED52AE-6DD7-42B8-B2E3-1C0809B5106B}.Release|Any CPU.Build.0 = Release|Any CPU
	EndGlobalSection
	GlobalSection(SolutionProperties) = preSolution
		HideSolutionNode = FALSE
	EndGlobalSection
	GlobalSection(ExtensibilityGlobals) = postSolution
		SolutionGuid = {7349D441-D74B-4FD4-810A-246C483958E8}
	EndGlobalSection
EndGlobal
